
Microsoft Visual Studio Solution File, Format Version 12.00
# Visual Studio Version 17
VisualStudioVersion = 17.8.34322.80
MinimumVisualStudioVersion = 10.0.40219.1
Project("{2150E333-8FDC-42A3-9474-1A3956D46DE8}") = "src", "src", "{81E69609-D6FA-4918-94A3-BBB407780F62}"
EndProject
Project("{9A19103F-16F7-4668-BE54-9A1E7A4F7556}") = "FeedbackFlow.Api", "src\FeedbackFlow.Api\FeedbackFlow.Api.csproj", "{37095560-D4BD-4074-A150-2D32D742511C}"
EndProject
Project("{2150E333-8FDC-42A3-9474-1A3956D46DE8}") = "test", "test", "{B6260F72-9C62-4FF5-BA20-E942BB43B71D}"
EndProject
Project("{9A19103F-16F7-4668-BE54-9A1E7A4F7556}") = "FeedbackFlow.Api.Tests", "test\FeedbackFlow.Api.Tests\FeedbackFlow.Api.Tests.csproj", "{C74B78F6-03D2-49A0-8D40-2EDCE5068828}"
EndProject
Project("{2150E333-8FDC-42A3-9474-1A3956D46DE8}") = "sample", "sample", "{29B94202-09C2-4476-88B2-703C4F59C8C0}"
EndProject
Project("{9A19103F-16F7-4668-BE54-9A1E7A4F7556}") = "FeedbackFlow.Sample.Console", "sample\FeedbackFlow.Sample.Console\FeedbackFlow.Sample.Console.csproj", "{3E024C53-3559-4513-9EB2-70459D24EB14}"
EndProject
Project("{9A19103F-16F7-4668-BE54-9A1E7A4F7556}") = "FeedbackFlow.Data.MigrationPostgreSql", "src\FeedbackFlow.Data.MigrationPostgreSql\FeedbackFlow.Data.MigrationPostgreSql.csproj", "{9B1547B4-2B13-4322-AAC6-C6AF895F2830}"
EndProject
Project("{9A19103F-16F7-4668-BE54-9A1E7A4F7556}") = "FeddbackFlow.Data.EfModels", "src\FeddbackFlow.Data.EfModels\FeddbackFlow.Data.EfModels.csproj", "{4DBA05BB-B92B-4506-B87C-6A2D3A7CA68E}"
EndProject
Project("{9A19103F-16F7-4668-BE54-9A1E7A4F7556}") = "FeedbackFlow.Infrastructure", "src\FeedbackFlow.Infrastructure\FeedbackFlow.Infrastructure.csproj", "{27602D0E-93D6-4907-A9A2-D3AAB3C20997}"
EndProject
Project("{9A19103F-16F7-4668-BE54-9A1E7A4F7556}") = "FeedbackFlow.Api.Logic", "src\FeedbackFlow.Api.Logic\FeedbackFlow.Api.Logic.csproj", "{2F3C1C0A-F6A5-4B82-A88E-866D83559E1B}"
EndProject
Project("{2150E333-8FDC-42A3-9474-1A3956D46DE8}") = "Solution Items", "Solution Items", "{7DF94B70-9622-4CE8-87D4-044206720AB7}"
	ProjectSection(SolutionItems) = preProject
		.editorconfig = .editorconfig
		.gitignore = .gitignore
		ReadMe.md = ReadMe.md
	EndProjectSection
EndProject
Global
	GlobalSection(SolutionConfigurationPlatforms) = preSolution
		Debug|Any CPU = Debug|Any CPU
		Release|Any CPU = Release|Any CPU
	EndGlobalSection
	GlobalSection(ProjectConfigurationPlatforms) = postSolution
		{37095560-D4BD-4074-A150-2D32D742511C}.Debug|Any CPU.ActiveCfg = Debug|Any CPU
		{37095560-D4BD-4074-A150-2D32D742511C}.Debug|Any CPU.Build.0 = Debug|Any CPU
		{37095560-D4BD-4074-A150-2D32D742511C}.Release|Any CPU.ActiveCfg = Release|Any CPU
		{37095560-D4BD-4074-A150-2D32D742511C}.Release|Any CPU.Build.0 = Release|Any CPU
		{C74B78F6-03D2-49A0-8D40-2EDCE5068828}.Debug|Any CPU.ActiveCfg = Debug|Any CPU
		{C74B78F6-03D2-49A0-8D40-2EDCE5068828}.Debug|Any CPU.Build.0 = Debug|Any CPU
		{C74B78F6-03D2-49A0-8D40-2EDCE5068828}.Release|Any CPU.ActiveCfg = Release|Any CPU
		{C74B78F6-03D2-49A0-8D40-2EDCE5068828}.Release|Any CPU.Build.0 = Release|Any CPU
		{3E024C53-3559-4513-9EB2-70459D24EB14}.Debug|Any CPU.ActiveCfg = Debug|Any CPU
		{3E024C53-3559-4513-9EB2-70459D24EB14}.Debug|Any CPU.Build.0 = Debug|Any CPU
		{3E024C53-3559-4513-9EB2-70459D24EB14}.Release|Any CPU.ActiveCfg = Release|Any CPU
		{3E024C53-3559-4513-9EB2-70459D24EB14}.Release|Any CPU.Build.0 = Release|Any CPU
		{9B1547B4-2B13-4322-AAC6-C6AF895F2830}.Debug|Any CPU.ActiveCfg = Debug|Any CPU
		{9B1547B4-2B13-4322-AAC6-C6AF895F2830}.Debug|Any CPU.Build.0 = Debug|Any CPU
		{9B1547B4-2B13-4322-AAC6-C6AF895F2830}.Release|Any CPU.ActiveCfg = Release|Any CPU
		{9B1547B4-2B13-4322-AAC6-C6AF895F2830}.Release|Any CPU.Build.0 = Release|Any CPU
		{4DBA05BB-B92B-4506-B87C-6A2D3A7CA68E}.Debug|Any CPU.ActiveCfg = Debug|Any CPU
		{4DBA05BB-B92B-4506-B87C-6A2D3A7CA68E}.Debug|Any CPU.Build.0 = Debug|Any CPU
		{4DBA05BB-B92B-4506-B87C-6A2D3A7CA68E}.Release|Any CPU.ActiveCfg = Release|Any CPU
		{4DBA05BB-B92B-4506-B87C-6A2D3A7CA68E}.Release|Any CPU.Build.0 = Release|Any CPU
		{27602D0E-93D6-4907-A9A2-D3AAB3C20997}.Debug|Any CPU.ActiveCfg = Debug|Any CPU
		{27602D0E-93D6-4907-A9A2-D3AAB3C20997}.Debug|Any CPU.Build.0 = Debug|Any CPU
		{27602D0E-93D6-4907-A9A2-D3AAB3C20997}.Release|Any CPU.ActiveCfg = Release|Any CPU
		{27602D0E-93D6-4907-A9A2-D3AAB3C20997}.Release|Any CPU.Build.0 = Release|Any CPU
		{2F3C1C0A-F6A5-4B82-A88E-866D83559E1B}.Debug|Any CPU.ActiveCfg = Debug|Any CPU
		{2F3C1C0A-F6A5-4B82-A88E-866D83559E1B}.Debug|Any CPU.Build.0 = Debug|Any CPU
		{2F3C1C0A-F6A5-4B82-A88E-866D83559E1B}.Release|Any CPU.ActiveCfg = Release|Any CPU
		{2F3C1C0A-F6A5-4B82-A88E-866D83559E1B}.Release|Any CPU.Build.0 = Release|Any CPU
	EndGlobalSection
	GlobalSection(SolutionProperties) = preSolution
		HideSolutionNode = FALSE
	EndGlobalSection
	GlobalSection(NestedProjects) = preSolution
		{37095560-D4BD-4074-A150-2D32D742511C} = {81E69609-D6FA-4918-94A3-BBB407780F62}
		{C74B78F6-03D2-49A0-8D40-2EDCE5068828} = {B6260F72-9C62-4FF5-BA20-E942BB43B71D}
		{3E024C53-3559-4513-9EB2-70459D24EB14} = {29B94202-09C2-4476-88B2-703C4F59C8C0}
		{9B1547B4-2B13-4322-AAC6-C6AF895F2830} = {81E69609-D6FA-4918-94A3-BBB407780F62}
		{4DBA05BB-B92B-4506-B87C-6A2D3A7CA68E} = {81E69609-D6FA-4918-94A3-BBB407780F62}
		{27602D0E-93D6-4907-A9A2-D3AAB3C20997} = {81E69609-D6FA-4918-94A3-BBB407780F62}
		{2F3C1C0A-F6A5-4B82-A88E-866D83559E1B} = {81E69609-D6FA-4918-94A3-BBB407780F62}
	EndGlobalSection
	GlobalSection(ExtensibilityGlobals) = postSolution
		SolutionGuid = {108E64B5-6495-4A6A-AD23-603F0061E80C}
	EndGlobalSection
EndGlobal
